
Microsoft Visual Studio Solution File, Format Version 12.00
# Visual Studio 2012
Project("{FAE04EC0-301F-11D3-BF4B-00C04F79EFBC}") = "Html5.Mvc", "Html5.Mvc\Html5.Mvc.csproj", "{4DA8755F-A3C2-46E1-8869-ED5339024FB7}"
EndProject
Project("{FAE04EC0-301F-11D3-BF4B-00C04F79EFBC}") = "Html5.Mvc.Template", "..\Html5.Mvc.Template\Html5.Mvc.Template\Html5.Mvc.Template.csproj", "{5D59F292-2245-447D-92BE-75D7CE442D06}"
EndProject
Global
	GlobalSection(SolutionConfigurationPlatforms) = preSolution
		Debug|Any CPU = Debug|Any CPU
		Release|Any CPU = Release|Any CPU
	EndGlobalSection
	GlobalSection(ProjectConfigurationPlatforms) = postSolution
		{4DA8755F-A3C2-46E1-8869-ED5339024FB7}.Debug|Any CPU.ActiveCfg = Debug|Any CPU
		{4DA8755F-A3C2-46E1-8869-ED5339024FB7}.Debug|Any CPU.Build.0 = Debug|Any CPU
		{4DA8755F-A3C2-46E1-8869-ED5339024FB7}.Release|Any CPU.ActiveCfg = Release|Any CPU
		{4DA8755F-A3C2-46E1-8869-ED5339024FB7}.Release|Any CPU.Build.0 = Release|Any CPU
		{5D59F292-2245-447D-92BE-75D7CE442D06}.Debug|Any CPU.ActiveCfg = Debug|Any CPU
		{5D59F292-2245-447D-92BE-75D7CE442D06}.Debug|Any CPU.Build.0 = Debug|Any CPU
		{5D59F292-2245-447D-92BE-75D7CE442D06}.Release|Any CPU.ActiveCfg = Release|Any CPU
		{5D59F292-2245-447D-92BE-75D7CE442D06}.Release|Any CPU.Build.0 = Release|Any CPU
	EndGlobalSection
	GlobalSection(SolutionProperties) = preSolution
		HideSolutionNode = FALSE
	EndGlobalSection
EndGlobal
